
Microsoft Visual Studio Solution File, Format Version 12.00
# Visual Studio Version 17
VisualStudioVersion = 17.5.002.0
MinimumVisualStudioVersion = 10.0.40219.1
Project("{9A19103F-16F7-4668-BE54-9A1E7A4F7556}") = "dotnet_new_mvc", "dotnet_new_mvc.csproj", "{EB6B811A-060B-4E8B-91A7-3A2F8AE5E3E1}"
EndProject
Global
	GlobalSection(SolutionConfigurationPlatforms) = preSolution
		Debug|Any CPU = Debug|Any CPU
		Release|Any CPU = Release|Any CPU
	EndGlobalSection
	GlobalSection(ProjectConfigurationPlatforms) = postSolution
		{EB6B811A-060B-4E8B-91A7-3A2F8AE5E3E1}.Debug|Any CPU.ActiveCfg = Debug|Any CPU
		{EB6B811A-060B-4E8B-91A7-3A2F8AE5E3E1}.Debug|Any CPU.Build.0 = Debug|Any CPU
		{EB6B811A-060B-4E8B-91A7-3A2F8AE5E3E1}.Release|Any CPU.ActiveCfg = Release|Any CPU
		{EB6B811A-060B-4E8B-91A7-3A2F8AE5E3E1}.Release|Any CPU.Build.0 = Release|Any CPU
	EndGlobalSection
	GlobalSection(SolutionProperties) = preSolution
		HideSolutionNode = FALSE
	EndGlobalSection
	GlobalSection(ExtensibilityGlobals) = postSolution
		SolutionGuid = {36F737FD-9E76-4AC7-ACA2-B9DA58887338}
	EndGlobalSection
EndGlobal
