
Microsoft Visual Studio Solution File, Format Version 12.00
# Visual Studio Version 17
VisualStudioVersion = 17.5.002.0
MinimumVisualStudioVersion = 10.0.40219.1
Project("{9A19103F-16F7-4668-BE54-9A1E7A4F7556}") = "dotnet_new_mvc", "dotnet_new_mvc.csproj", "{5E8BB6FD-A6F2-4A6A-B0E7-62E777120765}"
EndProject
Global
	GlobalSection(SolutionConfigurationPlatforms) = preSolution
		Debug|Any CPU = Debug|Any CPU
		Release|Any CPU = Release|Any CPU
	EndGlobalSection
	GlobalSection(ProjectConfigurationPlatforms) = postSolution
		{5E8BB6FD-A6F2-4A6A-B0E7-62E777120765}.Debug|Any CPU.ActiveCfg = Debug|Any CPU
		{5E8BB6FD-A6F2-4A6A-B0E7-62E777120765}.Debug|Any CPU.Build.0 = Debug|Any CPU
		{5E8BB6FD-A6F2-4A6A-B0E7-62E777120765}.Release|Any CPU.ActiveCfg = Release|Any CPU
		{5E8BB6FD-A6F2-4A6A-B0E7-62E777120765}.Release|Any CPU.Build.0 = Release|Any CPU
	EndGlobalSection
	GlobalSection(SolutionProperties) = preSolution
		HideSolutionNode = FALSE
	EndGlobalSection
	GlobalSection(ExtensibilityGlobals) = postSolution
		SolutionGuid = {0DAFEFF7-E36A-45B8-BD8E-17E4A92F5BD8}
	EndGlobalSection
EndGlobal
